
Microsoft Visual Studio Solution File, Format Version 12.00
# Visual Studio Version 17
VisualStudioVersion = 17.0.31919.166
MinimumVisualStudioVersion = 10.0.40219.1
Project("{FAE04EC0-301F-11D3-BF4B-00C04F79EFBC}") = "LoopringAPI", "LoopringAPI\LoopringAPI.csproj", "{47C53B0C-ACDA-4DF8-B835-70F2FCC5DF62}"
EndProject
Project("{FAE04EC0-301F-11D3-BF4B-00C04F79EFBC}") = "LoopringAPI.TestConsole", "LoopringAPI.TestConsole\LoopringAPI.TestConsole.csproj", "{F3B0E70B-3D69-42A1-AB86-55B0BE4FC5F8}"
EndProject
Global
	GlobalSection(SolutionConfigurationPlatforms) = preSolution
		Debug|Any CPU = Debug|Any CPU
		Release|Any CPU = Release|Any CPU
	EndGlobalSection
	GlobalSection(ProjectConfigurationPlatforms) = postSolution
		{47C53B0C-ACDA-4DF8-B835-70F2FCC5DF62}.Debug|Any CPU.ActiveCfg = Debug|Any CPU
		{47C53B0C-ACDA-4DF8-B835-70F2FCC5DF62}.Debug|Any CPU.Build.0 = Debug|Any CPU
		{47C53B0C-ACDA-4DF8-B835-70F2FCC5DF62}.Release|Any CPU.ActiveCfg = Release|Any CPU
		{47C53B0C-ACDA-4DF8-B835-70F2FCC5DF62}.Release|Any CPU.Build.0 = Release|Any CPU
		{F3B0E70B-3D69-42A1-AB86-55B0BE4FC5F8}.Debug|Any CPU.ActiveCfg = Debug|Any CPU
		{F3B0E70B-3D69-42A1-AB86-55B0BE4FC5F8}.Debug|Any CPU.Build.0 = Debug|Any CPU
		{F3B0E70B-3D69-42A1-AB86-55B0BE4FC5F8}.Release|Any CPU.ActiveCfg = Release|Any CPU
		{F3B0E70B-3D69-42A1-AB86-55B0BE4FC5F8}.Release|Any CPU.Build.0 = Release|Any CPU
	EndGlobalSection
	GlobalSection(SolutionProperties) = preSolution
		HideSolutionNode = FALSE
	EndGlobalSection
	GlobalSection(ExtensibilityGlobals) = postSolution
		SolutionGuid = {EB065C43-E5DB-4CBB-9C0A-6F610041D0D4}
	EndGlobalSection
EndGlobal
