
Microsoft Visual Studio Solution File, Format Version 12.00
# Visual Studio Version 17
VisualStudioVersion = 17.0.32002.185
MinimumVisualStudioVersion = 10.0.40219.1
Project("{9A19103F-16F7-4668-BE54-9A1E7A4F7556}") = "LoopringAPI", "LoopringAPI\LoopringAPI.csproj", "{47C53B0C-ACDA-4DF8-B835-70F2FCC5DF62}"
EndProject
Project("{9A19103F-16F7-4668-BE54-9A1E7A4F7556}") = "LoopringAPI.TestConsole", "LoopringAPI.TestConsole\LoopringAPI.TestConsole.csproj", "{F3B0E70B-3D69-42A1-AB86-55B0BE4FC5F8}"
EndProject
Project("{9A19103F-16F7-4668-BE54-9A1E7A4F7556}") = "PoseidonSharp", "PoseidonSharp\PoseidonSharp\PoseidonSharp.csproj", "{87340FE9-C892-4D13-8EF2-A3C214210FE2}"
EndProject
Project("{9A19103F-16F7-4668-BE54-9A1E7A4F7556}") = "PoseidonConsole", "PoseidonSharp\PoseidonConsole\PoseidonConsole.csproj", "{C23C9229-020F-4215-BF78-B7D6EBE8E685}"
EndProject
Project("{9A19103F-16F7-4668-BE54-9A1E7A4F7556}") = "PoseidonTests", "PoseidonSharp\PoseidonTests\PoseidonTests.csproj", "{2008B065-CC3A-4B4E-BFCC-58FF426970F5}"
EndProject
Project("{FAE04EC0-301F-11D3-BF4B-00C04F79EFBC}") = "LoopringAPI.OneButtonPayExample", "LoopringAPI.OneButtonPayExample\LoopringAPI.OneButtonPayExample.csproj", "{F82E405D-D04E-430C-9100-9F899B9B1954}"
EndProject
Global
	GlobalSection(SolutionConfigurationPlatforms) = preSolution
		Debug|Any CPU = Debug|Any CPU
		Release|Any CPU = Release|Any CPU
	EndGlobalSection
	GlobalSection(ProjectConfigurationPlatforms) = postSolution
		{47C53B0C-ACDA-4DF8-B835-70F2FCC5DF62}.Debug|Any CPU.ActiveCfg = Debug|Any CPU
		{47C53B0C-ACDA-4DF8-B835-70F2FCC5DF62}.Debug|Any CPU.Build.0 = Debug|Any CPU
		{47C53B0C-ACDA-4DF8-B835-70F2FCC5DF62}.Release|Any CPU.ActiveCfg = Release|Any CPU
		{47C53B0C-ACDA-4DF8-B835-70F2FCC5DF62}.Release|Any CPU.Build.0 = Release|Any CPU
		{F3B0E70B-3D69-42A1-AB86-55B0BE4FC5F8}.Debug|Any CPU.ActiveCfg = Debug|Any CPU
		{F3B0E70B-3D69-42A1-AB86-55B0BE4FC5F8}.Debug|Any CPU.Build.0 = Debug|Any CPU
		{F3B0E70B-3D69-42A1-AB86-55B0BE4FC5F8}.Release|Any CPU.ActiveCfg = Release|Any CPU
		{F3B0E70B-3D69-42A1-AB86-55B0BE4FC5F8}.Release|Any CPU.Build.0 = Release|Any CPU
		{87340FE9-C892-4D13-8EF2-A3C214210FE2}.Debug|Any CPU.ActiveCfg = Debug|Any CPU
		{87340FE9-C892-4D13-8EF2-A3C214210FE2}.Debug|Any CPU.Build.0 = Debug|Any CPU
		{87340FE9-C892-4D13-8EF2-A3C214210FE2}.Release|Any CPU.ActiveCfg = Release|Any CPU
		{87340FE9-C892-4D13-8EF2-A3C214210FE2}.Release|Any CPU.Build.0 = Release|Any CPU
		{C23C9229-020F-4215-BF78-B7D6EBE8E685}.Debug|Any CPU.ActiveCfg = Debug|Any CPU
		{C23C9229-020F-4215-BF78-B7D6EBE8E685}.Debug|Any CPU.Build.0 = Debug|Any CPU
		{C23C9229-020F-4215-BF78-B7D6EBE8E685}.Release|Any CPU.ActiveCfg = Release|Any CPU
		{C23C9229-020F-4215-BF78-B7D6EBE8E685}.Release|Any CPU.Build.0 = Release|Any CPU
		{2008B065-CC3A-4B4E-BFCC-58FF426970F5}.Debug|Any CPU.ActiveCfg = Debug|Any CPU
		{2008B065-CC3A-4B4E-BFCC-58FF426970F5}.Debug|Any CPU.Build.0 = Debug|Any CPU
		{2008B065-CC3A-4B4E-BFCC-58FF426970F5}.Release|Any CPU.ActiveCfg = Release|Any CPU
		{2008B065-CC3A-4B4E-BFCC-58FF426970F5}.Release|Any CPU.Build.0 = Release|Any CPU
		{F82E405D-D04E-430C-9100-9F899B9B1954}.Debug|Any CPU.ActiveCfg = Debug|Any CPU
		{F82E405D-D04E-430C-9100-9F899B9B1954}.Debug|Any CPU.Build.0 = Debug|Any CPU
		{F82E405D-D04E-430C-9100-9F899B9B1954}.Release|Any CPU.ActiveCfg = Release|Any CPU
		{F82E405D-D04E-430C-9100-9F899B9B1954}.Release|Any CPU.Build.0 = Release|Any CPU
	EndGlobalSection
	GlobalSection(SolutionProperties) = preSolution
		HideSolutionNode = FALSE
	EndGlobalSection
	GlobalSection(ExtensibilityGlobals) = postSolution
		SolutionGuid = {EB065C43-E5DB-4CBB-9C0A-6F610041D0D4}
	EndGlobalSection
EndGlobal
