
Microsoft Visual Studio Solution File, Format Version 12.00
# Visual Studio Version 17
VisualStudioVersion = 17.0.32002.185
MinimumVisualStudioVersion = 10.0.40219.1
Project("{9A19103F-16F7-4668-BE54-9A1E7A4F7556}") = "LoopringSharp", "LoopringAPI\LoopringSharp.csproj", "{47C53B0C-ACDA-4DF8-B835-70F2FCC5DF62}"
EndProject
Project("{9A19103F-16F7-4668-BE54-9A1E7A4F7556}") = "LoopringSharp.TestConsole", "LoopringAPI.TestConsole\LoopringSharp.TestConsole.csproj", "{F3B0E70B-3D69-42A1-AB86-55B0BE4FC5F8}"
EndProject
Project("{9A19103F-16F7-4668-BE54-9A1E7A4F7556}") = "LoopringSharp.Layer2TransferExample", "LoopringAPI.OneButtonPayExample\LoopringSharp.Layer2TransferExample.csproj", "{F82E405D-D04E-430C-9100-9F899B9B1954}"
EndProject
Project("{9A19103F-16F7-4668-BE54-9A1E7A4F7556}") = "LoopringSharp.UnitTests", "LoopringAPI.UnitTests\LoopringSharp.UnitTests.csproj", "{0AD5A558-B81E-448D-B588-744A5AF814F6}"
EndProject
Project("{FAE04EC0-301F-11D3-BF4B-00C04F79EFBC}") = "LoopringSharp.MetaMask", "LoopringSharp.MetaMask\LoopringSharp.MetaMask.csproj", "{6972545C-9819-42B5-B7BD-116AFD001B05}"
EndProject
Project("{FAE04EC0-301F-11D3-BF4B-00C04F79EFBC}") = "LoopringSharp.WalletConnect", "LoopringSharp.WalletConnect\LoopringSharp.WalletConnect.csproj", "{BF3D356C-E986-4A1A-ADAD-15D3C36B6FAC}"
EndProject
Global
	GlobalSection(SolutionConfigurationPlatforms) = preSolution
		Debug|Any CPU = Debug|Any CPU
		Release|Any CPU = Release|Any CPU
	EndGlobalSection
	GlobalSection(ProjectConfigurationPlatforms) = postSolution
		{47C53B0C-ACDA-4DF8-B835-70F2FCC5DF62}.Debug|Any CPU.ActiveCfg = Debug|Any CPU
		{47C53B0C-ACDA-4DF8-B835-70F2FCC5DF62}.Debug|Any CPU.Build.0 = Debug|Any CPU
		{47C53B0C-ACDA-4DF8-B835-70F2FCC5DF62}.Release|Any CPU.ActiveCfg = Release|Any CPU
		{47C53B0C-ACDA-4DF8-B835-70F2FCC5DF62}.Release|Any CPU.Build.0 = Release|Any CPU
		{F3B0E70B-3D69-42A1-AB86-55B0BE4FC5F8}.Debug|Any CPU.ActiveCfg = Debug|Any CPU
		{F3B0E70B-3D69-42A1-AB86-55B0BE4FC5F8}.Debug|Any CPU.Build.0 = Debug|Any CPU
		{F3B0E70B-3D69-42A1-AB86-55B0BE4FC5F8}.Release|Any CPU.ActiveCfg = Release|Any CPU
		{F3B0E70B-3D69-42A1-AB86-55B0BE4FC5F8}.Release|Any CPU.Build.0 = Release|Any CPU
		{F82E405D-D04E-430C-9100-9F899B9B1954}.Debug|Any CPU.ActiveCfg = Debug|Any CPU
		{F82E405D-D04E-430C-9100-9F899B9B1954}.Debug|Any CPU.Build.0 = Debug|Any CPU
		{F82E405D-D04E-430C-9100-9F899B9B1954}.Release|Any CPU.ActiveCfg = Release|Any CPU
		{F82E405D-D04E-430C-9100-9F899B9B1954}.Release|Any CPU.Build.0 = Release|Any CPU
		{0AD5A558-B81E-448D-B588-744A5AF814F6}.Debug|Any CPU.ActiveCfg = Debug|Any CPU
		{0AD5A558-B81E-448D-B588-744A5AF814F6}.Debug|Any CPU.Build.0 = Debug|Any CPU
		{0AD5A558-B81E-448D-B588-744A5AF814F6}.Release|Any CPU.ActiveCfg = Release|Any CPU
		{0AD5A558-B81E-448D-B588-744A5AF814F6}.Release|Any CPU.Build.0 = Release|Any CPU
		{6972545C-9819-42B5-B7BD-116AFD001B05}.Debug|Any CPU.ActiveCfg = Debug|Any CPU
		{6972545C-9819-42B5-B7BD-116AFD001B05}.Debug|Any CPU.Build.0 = Debug|Any CPU
		{6972545C-9819-42B5-B7BD-116AFD001B05}.Release|Any CPU.ActiveCfg = Release|Any CPU
		{6972545C-9819-42B5-B7BD-116AFD001B05}.Release|Any CPU.Build.0 = Release|Any CPU
		{BF3D356C-E986-4A1A-ADAD-15D3C36B6FAC}.Debug|Any CPU.ActiveCfg = Debug|Any CPU
		{BF3D356C-E986-4A1A-ADAD-15D3C36B6FAC}.Debug|Any CPU.Build.0 = Debug|Any CPU
		{BF3D356C-E986-4A1A-ADAD-15D3C36B6FAC}.Release|Any CPU.ActiveCfg = Release|Any CPU
		{BF3D356C-E986-4A1A-ADAD-15D3C36B6FAC}.Release|Any CPU.Build.0 = Release|Any CPU
	EndGlobalSection
	GlobalSection(SolutionProperties) = preSolution
		HideSolutionNode = FALSE
	EndGlobalSection
	GlobalSection(ExtensibilityGlobals) = postSolution
		SolutionGuid = {EB065C43-E5DB-4CBB-9C0A-6F610041D0D4}
	EndGlobalSection
EndGlobal
